
Microsoft Visual Studio Solution File, Format Version 12.00
# Visual Studio Version 17
VisualStudioVersion = 17.0.31903.59
MinimumVisualStudioVersion = 10.0.40219.1
Project("{9A19103F-16F7-4668-BE54-9A1E7A4F7556}") = "HexagonalSkeleton.API", "HexagonalSkeleton.API\HexagonalSkeleton.API.csproj", "{22D58B29-08E5-48CF-99F1-AC5E08CFA8FD}"
EndProject
Project("{FAE04EC0-301F-11D3-BF4B-00C04F79EFBC}") = "HexagonalSkeleton.Infrastructure", "HexagonalSkeleton.Infrastructure\HexagonalSkeleton.Infrastructure.csproj", "{A0B15F06-86E2-4B53-950F-DE030E7114D3}"
EndProject
Project("{FAE04EC0-301F-11D3-BF4B-00C04F79EFBC}") = "HexagonalSkeleton.Domain", "HexagonalSkeleton.Domain\HexagonalSkeleton.Domain.csproj", "{A63F9A14-7205-402C-AB06-9D46FBF4F216}"
EndProject
Project("{FAE04EC0-301F-11D3-BF4B-00C04F79EFBC}") = "HexagonalSkeleton.Application", "HexagonalSkeleton.Application\HexagonalSkeleton.Application.csproj", "{8BB53DBB-022E-4089-B072-8279EC6AEB0A}"
EndProject
Project("{FAE04EC0-301F-11D3-BF4B-00C04F79EFBC}") = "HexagonalSkeleton.MigrationDb", "HexagonalSkeleton.MigrationDb\HexagonalSkeleton.MigrationDb.csproj", "{6D4CADCD-EAB9-4A1A-AB16-25C1D940388B}"
EndProject
Project("{FAE04EC0-301F-11D3-BF4B-00C04F79EFBC}") = "HexagonalSkeleton.Test", "HexagonalSkeleton.Test\HexagonalSkeleton.Test.csproj", "{194738ED-D8A2-44DE-C24C-D9AEBA97CEC8}"
EndProject
Global
	GlobalSection(SolutionConfigurationPlatforms) = preSolution
		Debug|Any CPU = Debug|Any CPU
		Debug|x64 = Debug|x64
		Debug|x86 = Debug|x86
		Release|Any CPU = Release|Any CPU
		Release|x64 = Release|x64
		Release|x86 = Release|x86
	EndGlobalSection
	GlobalSection(ProjectConfigurationPlatforms) = postSolution
		{22D58B29-08E5-48CF-99F1-AC5E08CFA8FD}.Debug|Any CPU.ActiveCfg = Debug|Any CPU
		{22D58B29-08E5-48CF-99F1-AC5E08CFA8FD}.Debug|Any CPU.Build.0 = Debug|Any CPU
		{22D58B29-08E5-48CF-99F1-AC5E08CFA8FD}.Debug|x64.ActiveCfg = Debug|Any CPU
		{22D58B29-08E5-48CF-99F1-AC5E08CFA8FD}.Debug|x64.Build.0 = Debug|Any CPU
		{22D58B29-08E5-48CF-99F1-AC5E08CFA8FD}.Debug|x86.ActiveCfg = Debug|Any CPU
		{22D58B29-08E5-48CF-99F1-AC5E08CFA8FD}.Debug|x86.Build.0 = Debug|Any CPU
		{22D58B29-08E5-48CF-99F1-AC5E08CFA8FD}.Release|Any CPU.ActiveCfg = Release|Any CPU
		{22D58B29-08E5-48CF-99F1-AC5E08CFA8FD}.Release|Any CPU.Build.0 = Release|Any CPU
		{22D58B29-08E5-48CF-99F1-AC5E08CFA8FD}.Release|x64.ActiveCfg = Release|Any CPU
		{22D58B29-08E5-48CF-99F1-AC5E08CFA8FD}.Release|x64.Build.0 = Release|Any CPU
		{22D58B29-08E5-48CF-99F1-AC5E08CFA8FD}.Release|x86.ActiveCfg = Release|Any CPU
		{22D58B29-08E5-48CF-99F1-AC5E08CFA8FD}.Release|x86.Build.0 = Release|Any CPU
		{A0B15F06-86E2-4B53-950F-DE030E7114D3}.Debug|Any CPU.ActiveCfg = Debug|Any CPU
		{A0B15F06-86E2-4B53-950F-DE030E7114D3}.Debug|Any CPU.Build.0 = Debug|Any CPU
		{A0B15F06-86E2-4B53-950F-DE030E7114D3}.Debug|x64.ActiveCfg = Debug|Any CPU
		{A0B15F06-86E2-4B53-950F-DE030E7114D3}.Debug|x64.Build.0 = Debug|Any CPU
		{A0B15F06-86E2-4B53-950F-DE030E7114D3}.Debug|x86.ActiveCfg = Debug|Any CPU
		{A0B15F06-86E2-4B53-950F-DE030E7114D3}.Debug|x86.Build.0 = Debug|Any CPU
		{A0B15F06-86E2-4B53-950F-DE030E7114D3}.Release|Any CPU.ActiveCfg = Release|Any CPU
		{A0B15F06-86E2-4B53-950F-DE030E7114D3}.Release|Any CPU.Build.0 = Release|Any CPU
		{A0B15F06-86E2-4B53-950F-DE030E7114D3}.Release|x64.ActiveCfg = Release|Any CPU
		{A0B15F06-86E2-4B53-950F-DE030E7114D3}.Release|x64.Build.0 = Release|Any CPU
		{A0B15F06-86E2-4B53-950F-DE030E7114D3}.Release|x86.ActiveCfg = Release|Any CPU
		{A0B15F06-86E2-4B53-950F-DE030E7114D3}.Release|x86.Build.0 = Release|Any CPU
		{A63F9A14-7205-402C-AB06-9D46FBF4F216}.Debug|Any CPU.ActiveCfg = Debug|Any CPU
		{A63F9A14-7205-402C-AB06-9D46FBF4F216}.Debug|Any CPU.Build.0 = Debug|Any CPU
		{A63F9A14-7205-402C-AB06-9D46FBF4F216}.Debug|x64.ActiveCfg = Debug|Any CPU
		{A63F9A14-7205-402C-AB06-9D46FBF4F216}.Debug|x64.Build.0 = Debug|Any CPU
		{A63F9A14-7205-402C-AB06-9D46FBF4F216}.Debug|x86.ActiveCfg = Debug|Any CPU
		{A63F9A14-7205-402C-AB06-9D46FBF4F216}.Debug|x86.Build.0 = Debug|Any CPU
		{A63F9A14-7205-402C-AB06-9D46FBF4F216}.Release|Any CPU.ActiveCfg = Release|Any CPU
		{A63F9A14-7205-402C-AB06-9D46FBF4F216}.Release|Any CPU.Build.0 = Release|Any CPU
		{A63F9A14-7205-402C-AB06-9D46FBF4F216}.Release|x64.ActiveCfg = Release|Any CPU
		{A63F9A14-7205-402C-AB06-9D46FBF4F216}.Release|x64.Build.0 = Release|Any CPU
		{A63F9A14-7205-402C-AB06-9D46FBF4F216}.Release|x86.ActiveCfg = Release|Any CPU
		{A63F9A14-7205-402C-AB06-9D46FBF4F216}.Release|x86.Build.0 = Release|Any CPU
		{8BB53DBB-022E-4089-B072-8279EC6AEB0A}.Debug|Any CPU.ActiveCfg = Debug|Any CPU
		{8BB53DBB-022E-4089-B072-8279EC6AEB0A}.Debug|Any CPU.Build.0 = Debug|Any CPU
		{8BB53DBB-022E-4089-B072-8279EC6AEB0A}.Debug|x64.ActiveCfg = Debug|Any CPU
		{8BB53DBB-022E-4089-B072-8279EC6AEB0A}.Debug|x64.Build.0 = Debug|Any CPU
		{8BB53DBB-022E-4089-B072-8279EC6AEB0A}.Debug|x86.ActiveCfg = Debug|Any CPU
		{8BB53DBB-022E-4089-B072-8279EC6AEB0A}.Debug|x86.Build.0 = Debug|Any CPU
		{8BB53DBB-022E-4089-B072-8279EC6AEB0A}.Release|Any CPU.ActiveCfg = Release|Any CPU
		{8BB53DBB-022E-4089-B072-8279EC6AEB0A}.Release|Any CPU.Build.0 = Release|Any CPU
		{8BB53DBB-022E-4089-B072-8279EC6AEB0A}.Release|x64.ActiveCfg = Release|Any CPU
		{8BB53DBB-022E-4089-B072-8279EC6AEB0A}.Release|x64.Build.0 = Release|Any CPU
		{8BB53DBB-022E-4089-B072-8279EC6AEB0A}.Release|x86.ActiveCfg = Release|Any CPU
		{8BB53DBB-022E-4089-B072-8279EC6AEB0A}.Release|x86.Build.0 = Release|Any CPU
		{6D4CADCD-EAB9-4A1A-AB16-25C1D940388B}.Debug|Any CPU.ActiveCfg = Debug|Any CPU
		{6D4CADCD-EAB9-4A1A-AB16-25C1D940388B}.Debug|Any CPU.Build.0 = Debug|Any CPU
		{6D4CADCD-EAB9-4A1A-AB16-25C1D940388B}.Debug|x64.ActiveCfg = Debug|Any CPU
		{6D4CADCD-EAB9-4A1A-AB16-25C1D940388B}.Debug|x64.Build.0 = Debug|Any CPU
		{6D4CADCD-EAB9-4A1A-AB16-25C1D940388B}.Debug|x86.ActiveCfg = Debug|Any CPU
		{6D4CADCD-EAB9-4A1A-AB16-25C1D940388B}.Debug|x86.Build.0 = Debug|Any CPU
		{6D4CADCD-EAB9-4A1A-AB16-25C1D940388B}.Release|Any CPU.ActiveCfg = Release|Any CPU
		{6D4CADCD-EAB9-4A1A-AB16-25C1D940388B}.Release|Any CPU.Build.0 = Release|Any CPU
		{6D4CADCD-EAB9-4A1A-AB16-25C1D940388B}.Release|x64.ActiveCfg = Release|Any CPU
		{6D4CADCD-EAB9-4A1A-AB16-25C1D940388B}.Release|x64.Build.0 = Release|Any CPU
		{6D4CADCD-EAB9-4A1A-AB16-25C1D940388B}.Release|x86.ActiveCfg = Release|Any CPU
		{6D4CADCD-EAB9-4A1A-AB16-25C1D940388B}.Release|x86.Build.0 = Release|Any CPU
		{194738ED-D8A2-44DE-C24C-D9AEBA97CEC8}.Debug|Any CPU.ActiveCfg = Debug|Any CPU
		{194738ED-D8A2-44DE-C24C-D9AEBA97CEC8}.Debug|Any CPU.Build.0 = Debug|Any CPU
		{194738ED-D8A2-44DE-C24C-D9AEBA97CEC8}.Debug|x64.ActiveCfg = Debug|Any CPU
		{194738ED-D8A2-44DE-C24C-D9AEBA97CEC8}.Debug|x64.Build.0 = Debug|Any CPU
		{194738ED-D8A2-44DE-C24C-D9AEBA97CEC8}.Debug|x86.ActiveCfg = Debug|Any CPU
		{194738ED-D8A2-44DE-C24C-D9AEBA97CEC8}.Debug|x86.Build.0 = Debug|Any CPU
		{194738ED-D8A2-44DE-C24C-D9AEBA97CEC8}.Release|Any CPU.ActiveCfg = Release|Any CPU
		{194738ED-D8A2-44DE-C24C-D9AEBA97CEC8}.Release|Any CPU.Build.0 = Release|Any CPU
		{194738ED-D8A2-44DE-C24C-D9AEBA97CEC8}.Release|x64.ActiveCfg = Release|Any CPU
		{194738ED-D8A2-44DE-C24C-D9AEBA97CEC8}.Release|x64.Build.0 = Release|Any CPU
		{194738ED-D8A2-44DE-C24C-D9AEBA97CEC8}.Release|x86.ActiveCfg = Release|Any CPU
		{194738ED-D8A2-44DE-C24C-D9AEBA97CEC8}.Release|x86.Build.0 = Release|Any CPU
	EndGlobalSection
	GlobalSection(SolutionProperties) = preSolution
		HideSolutionNode = FALSE
	EndGlobalSection
	GlobalSection(ExtensibilityGlobals) = postSolution
		SolutionGuid = {3738B543-0FF2-43D5-8F2E-408E7A10B0BB}
	EndGlobalSection
EndGlobal
